github.com/golang/geo v0.0.0-20190916061304-5b978397cfec h1:lJwO/92dFXWeXOZdoGXgptLmNLwynMSHUmU6besqtiw=
github.com/golang/geo v0.0.0-20190916061304-5b978397cfec/go.mod h1:QZ0nwyI2jOfgRAoBvP+ab5aRr7c9x7lhGEJrKvBwjWI=
github.com/umahmood/haversine v0.0.0-20151105152445-808ab04add26 h1:UFHFmFfixpmfRBcxuu+LA9l8MdURWVdVNUHxO5n1d2w=
github.com/umahmood/haversine v0.0.0-20151105152445-808ab04add26/go.mod h1:IGhd0qMDsUa9acVjsbsT7bu3ktadtGOHI79+idTew/M=
